{
  "requires": true,
  "lockfileVersion": 1,
  "dependencies": {
    "dayjs": {
      "version": "1.6.10",
      "resolved": "https://registry.npmjs.org/dayjs/-/dayjs-1.6.10.tgz",
      "integrity": "sha512-Y4kGgxq1Or7uocVKk6BrhvhbLZC3Sbqi/KxXA+kGoTbicO/7OxNOBmFbI4z3U3ACY5nt6uiWlg5SvhGkt748HA=="
    },
    "downloadjs": {
      "version": "1.4.7",
      "resolved": "http://registry.npm.taobao.org/downloadjs/download/downloadjs-1.4.7.tgz"
    }
  }
}
